# This file is automatically @generated by Cargo.
# It is not intended for manual editing.
version = 4

[[package]]
name = "bitflags"
version = "2.11.0"
source = "registry+https://github.com/rust-lang/crates.io-index"
checksum = "843867be96c8daad0d758b57df9392b6d8d271134fce549de6ce169ff98a92af"

[[package]]
name = "cloister-seccomp-filter"
version = "0.1.0"
dependencies = [
 "libc",
 "libseccomp",
]

[[package]]
name = "libc"
version = "0.2.182"
source = "registry+https://github.com/rust-lang/crates.io-index"
checksum = "6800badb6cb2082ffd7b6a67e6125bb39f18782f793520caee8cb8846be06112"

[[package]]
name = "libseccomp"
version = "0.4.0"
source = "registry+https://github.com/rust-lang/crates.io-index"
checksum = "0e5310a2c5b6ffbc094b5f70a2ca7b79ed36ad90e6f90994b166489a1bce3fcc"
dependencies = [
 "bitflags",
 "libc",
 "libseccomp-sys",
 "pkg-config",
]

[[package]]
name = "libseccomp-sys"
version = "0.3.0"
source = "registry+https://github.com/rust-lang/crates.io-index"
checksum = "60276e2d41bbb68b323e566047a1bfbf952050b157d8b5cdc74c07c1bf4ca3b6"

[[package]]
name = "pkg-config"
version = "0.3.32"
source = "registry+https://github.com/rust-lang/crates.io-index"
checksum = "7edddbd0b52d732b21ad9a5fab5c704c14cd949e5e9a1ec5929a24fded1b904c"
